
Microsoft Visual Studio Solution File, Format Version 12.00
# Visual Studio Version 17
VisualStudioVersion = 17.9.34723.18
MinimumVisualStudioVersion = 10.0.40219.1
Project("{9A19103F-16F7-4668-BE54-9A1E7A4F7556}") = "Hello_Github_Actions", "Hello_Github_Actions.csproj", "{B157EDF2-82BC-431E-B3F7-027A4E96ED24}"
EndProject
Global
	GlobalSection(SolutionConfigurationPlatforms) = preSolution
		Debug|Any CPU = Debug|Any CPU
		Release|Any CPU = Release|Any CPU
	EndGlobalSection
	GlobalSection(ProjectConfigurationPlatforms) = postSolution
		{B157EDF2-82BC-431E-B3F7-027A4E96ED24}.Debug|Any CPU.ActiveCfg = Debug|Any CPU
		{B157EDF2-82BC-431E-B3F7-027A4E96ED24}.Debug|Any CPU.Build.0 = Debug|Any CPU
		{B157EDF2-82BC-431E-B3F7-027A4E96ED24}.Release|Any CPU.ActiveCfg = Release|Any CPU
		{B157EDF2-82BC-431E-B3F7-027A4E96ED24}.Release|Any CPU.Build.0 = Release|Any CPU
	EndGlobalSection
	GlobalSection(SolutionProperties) = preSolution
		HideSolutionNode = FALSE
	EndGlobalSection
	GlobalSection(ExtensibilityGlobals) = postSolution
		SolutionGuid = {0E773304-74ED-4746-8243-C2A2610E4D58}
	EndGlobalSection
EndGlobal
